// !$*UTF8*$!
{
	archiveVersion = 1;
	classes = {
	};
	objectVersion = 46;
	objects = {

/* Begin PBXBuildFile section */
		2B43B2491E8B592500703A11 /* AppDelegate.swift in Sources */ = {isa = PBXBuildFile; fileRef = 2B43B2481E8B592500703A11 /* AppDelegate.swift */; };
		2B43B24E1E8B592500703A11 /* Main.storyboard in Resources */ = {isa = PBXBuildFile; fileRef = 2B43B24C1E8B592500703A11 /* Main.storyboard */; };
		2B43B2511E8B592500703A11 /* StockHelper.xcdatamodeld in Sources */ = {isa = PBXBuildFile; fileRef = 2B43B24F1E8B592500703A11 /* StockHelper.xcdatamodeld */; };
		2B43B2531E8B592500703A11 /* Assets.xcassets in Resources */ = {isa = PBXBuildFile; fileRef = 2B43B2521E8B592500703A11 /* Assets.xcassets */; };
		2B43B2561E8B592500703A11 /* LaunchScreen.storyboard in Resources */ = {isa = PBXBuildFile; fileRef = 2B43B2541E8B592500703A11 /* LaunchScreen.storyboard */; };
		2B43B25E1E8CA00B00703A11 /* DetailViewController.swift in Sources */ = {isa = PBXBuildFile; fileRef = 2B43B25D1E8CA00B00703A11 /* DetailViewController.swift */; };
		2B43B2691E8CA3DA00703A11 /* StockDataCollectionViewCell.swift in Sources */ = {isa = PBXBuildFile; fileRef = 2B43B2671E8CA3DA00703A11 /* StockDataCollectionViewCell.swift */; };
		2B43B26A1E8CA3DA00703A11 /* StockDataCollectionViewCell.xib in Resources */ = {isa = PBXBuildFile; fileRef = 2B43B2681E8CA3DA00703A11 /* StockDataCollectionViewCell.xib */; };
		2B43B26E1E8D688400703A11 /* StockManager.swift in Sources */ = {isa = PBXBuildFile; fileRef = 2B43B26D1E8D688400703A11 /* StockManager.swift */; };
		2B555F9C1E8EE31800FA9478 /* SearchViewController.swift in Sources */ = {isa = PBXBuildFile; fileRef = 2B555F9B1E8EE31800FA9478 /* SearchViewController.swift */; };
		2B555F9F1E8EEAD100FA9478 /* StockTableViewCell.swift in Sources */ = {isa = PBXBuildFile; fileRef = 2B555F9D1E8EEAD100FA9478 /* StockTableViewCell.swift */; };
		2B555FA01E8EEAD100FA9478 /* StockTableViewCell.xib in Resources */ = {isa = PBXBuildFile; fileRef = 2B555F9E1E8EEAD100FA9478 /* StockTableViewCell.xib */; };
		2B837F561EB9059E001627D4 /* GoogleService-Info.plist in Resources */ = {isa = PBXBuildFile; fileRef = 2B837F551EB9059E001627D4 /* GoogleService-Info.plist */; };
		2B837F5F1EBCFD46001627D4 /* StockWLCollectionViewCell.swift in Sources */ = {isa = PBXBuildFile; fileRef = 2B837F5D1EBCFD46001627D4 /* StockWLCollectionViewCell.swift */; };
		2B837F601EBCFD46001627D4 /* StockWLCollectionViewCell.xib in Resources */ = {isa = PBXBuildFile; fileRef = 2B837F5E1EBCFD46001627D4 /* StockWLCollectionViewCell.xib */; };
		2BBFD9C71E94260C0098B5D7 /* WatchListViewController.swift in Sources */ = {isa = PBXBuildFile; fileRef = 2BBFD9C61E94260C0098B5D7 /* WatchListViewController.swift */; };
		2BBFD9CE1E9428300098B5D7 /* StockWLDataTableViewCell.swift in Sources */ = {isa = PBXBuildFile; fileRef = 2BBFD9CC1E9428300098B5D7 /* StockWLDataTableViewCell.swift */; };
		2BBFD9CF1E9428300098B5D7 /* StockWLDataTableViewCell.xib in Resources */ = {isa = PBXBuildFile; fileRef = 2BBFD9CD1E9428300098B5D7 /* StockWLDataTableViewCell.xib */; };
		5FB88A69DE80C1BD175D02B5 /* Pods_StockHelper.framework in Frameworks */ = {isa = PBXBuildFile; fileRef = 67A3AFE1F6BEAF6B8014771E /* Pods_StockHelper.framework */; };
/* End PBXBuildFile section */

/* Begin PBXFileReference section */
		2B43B2451E8B592500703A11 /* StockHelper.app */ = {isa = PBXFileReference; explicitFileType = wrapper.application; includeInIndex = 0; path = StockHelper.app; sourceTree = BUILT_PRODUCTS_DIR; };
		2B43B2481E8B592500703A11 /* AppDelegate.swift */ = {isa = PBXFileReference; lastKnownFileType = sourcecode.swift; path = AppDelegate.swift; sourceTree = "<group>"; };
		2B43B24D1E8B592500703A11 /* Base */ = {isa = PBXFileReference; lastKnownFileType = file.storyboard; name = Base; path = Base.lproj/Main.storyboard; sourceTree = "<group>"; };
		2B43B2501E8B592500703A11 /* StockHelper.xcdatamodel */ = {isa = PBXFileReference; lastKnownFileType = wrapper.xcdatamodel; path = StockHelper.xcdatamodel; sourceTree = "<group>"; };
		2B43B2521E8B592500703A11 /* Assets.xcassets */ = {isa = PBXFileReference; lastKnownFileType = folder.assetcatalog; path = Assets.xcassets; sourceTree = "<group>"; };
		2B43B2551E8B592500703A11 /* Base */ = {isa = PBXFileReference; lastKnownFileType = file.storyboard; name = Base; path = Base.lproj/LaunchScreen.storyboard; sourceTree = "<group>"; };
		2B43B2571E8B592500703A11 /* Info.plist */ = {isa = PBXFileReference; lastKnownFileType = text.plist.xml; path = Info.plist; sourceTree = "<group>"; };
		2B43B25D1E8CA00B00703A11 /* DetailViewController.swift */ = {isa = PBXFileReference; fileEncoding = 4; lastKnownFileType = sourcecode.swift; path = DetailViewController.swift; sourceTree = "<group>"; };
		2B43B2671E8CA3DA00703A11 /* StockDataCollectionViewCell.swift */ = {isa = PBXFileReference; fileEncoding = 4; lastKnownFileType = sourcecode.swift; path = StockDataCollectionViewCell.swift; sourceTree = "<group>"; };
		2B43B2681E8CA3DA00703A11 /* StockDataCollectionViewCell.xib */ = {isa = PBXFileReference; fileEncoding = 4; lastKnownFileType = file.xib; path = StockDataCollectionViewCell.xib; sourceTree = "<group>"; };
		2B43B26D1E8D688400703A11 /* StockManager.swift */ = {isa = PBXFileReference; fileEncoding = 4; lastKnownFileType = sourcecode.swift; path = StockManager.swift; sourceTree = "<group>"; };
		2B555F9B1E8EE31800FA9478 /* SearchViewController.swift */ = {isa = PBXFileReference; fileEncoding = 4; lastKnownFileType = sourcecode.swift; path = SearchViewController.swift; sourceTree = "<group>"; };
		2B555F9D1E8EEAD100FA9478 /* StockTableViewCell.swift */ = {isa = PBXFileReference; fileEncoding = 4; lastKnownFileType = sourcecode.swift; path = StockTableViewCell.swift; sourceTree = "<group>"; };
		2B555F9E1E8EEAD100FA9478 /* StockTableViewCell.xib */ = {isa = PBXFileReference; fileEncoding = 4; lastKnownFileType = file.xib; path = StockTableViewCell.xib; sourceTree = "<group>"; };
		2B837F551EB9059E001627D4 /* GoogleService-Info.plist */ = {isa = PBXFileReference; fileEncoding = 4; lastKnownFileType = text.plist.xml; path = "GoogleService-Info.plist"; sourceTree = "<group>"; };
		2B837F5D1EBCFD46001627D4 /* StockWLCollectionViewCell.swift */ = {isa = PBXFileReference; fileEncoding = 4; lastKnownFileType = sourcecode.swift; path = StockWLCollectionViewCell.swift; sourceTree = "<group>"; };
		2B837F5E1EBCFD46001627D4 /* StockWLCollectionViewCell.xib */ = {isa = PBXFileReference; fileEncoding = 4; lastKnownFileType = file.xib; path = StockWLCollectionViewCell.xib; sourceTree = "<group>"; };
		2BBFD9C61E94260C0098B5D7 /* WatchListViewController.swift */ = {isa = PBXFileReference; fileEncoding = 4; lastKnownFileType = sourcecode.swift; path = WatchListViewController.swift; sourceTree = "<group>"; };
		2BBFD9CC1E9428300098B5D7 /* StockWLDataTableViewCell.swift */ = {isa = PBXFileReference; fileEncoding = 4; lastKnownFileType = sourcecode.swift; path = StockWLDataTableViewCell.swift; sourceTree = "<group>"; };
		2BBFD9CD1E9428300098B5D7 /* StockWLDataTableViewCell.xib */ = {isa = PBXFileReference; fileEncoding = 4; lastKnownFileType = file.xib; path = StockWLDataTableViewCell.xib; sourceTree = "<group>"; };
		4147E58EDDA89830AC40C33A /* Pods-StockHelper.release.xcconfig */ = {isa = PBXFileReference; includeInIndex = 1; lastKnownFileType = text.xcconfig; name = "Pods-StockHelper.release.xcconfig"; path = "Pods/Target Support Files/Pods-StockHelper/Pods-StockHelper.release.xcconfig"; sourceTree = "<group>"; };
		652D3BECF736316F93DC7D05 /* Pods-StockHelper.debug.xcconfig */ = {isa = PBXFileReference; includeInIndex = 1; lastKnownFileType = text.xcconfig; name = "Pods-StockHelper.debug.xcconfig"; path = "Pods/Target Support Files/Pods-StockHelper/Pods-StockHelper.debug.xcconfig"; sourceTree = "<group>"; };
		67A3AFE1F6BEAF6B8014771E /* Pods_StockHelper.framework */ = {isa = PBXFileReference; explicitFileType = wrapper.framework; includeInIndex = 0; path = Pods_StockHelper.framework; sourceTree = BUILT_PRODUCTS_DIR; };
/* End PBXFileReference section */

/* Begin PBXFrameworksBuildPhase section */
		2B43B2421E8B592500703A11 /* Frameworks */ = {
			isa = PBXFrameworksBuildPhase;
			buildActionMask = 2147483647;
			files = (
				5FB88A69DE80C1BD175D02B5 /* Pods_StockHelper.framework in Frameworks */,
			);
			runOnlyForDeploymentPostprocessing = 0;
		};
/* End PBXFrameworksBuildPhase section */

/* Begin PBXGroup section */
		2B43B23C1E8B592500703A11 = {
			isa = PBXGroup;
			children = (
				2B43B2471E8B592500703A11 /* StockHelper */,
				2B43B2461E8B592500703A11 /* Products */,
				72FA0219FD1D724C112A054C /* Pods */,
				E2B14BA8B1719178751BE3AB /* Frameworks */,
			);
			sourceTree = "<group>";
		};
		2B43B2461E8B592500703A11 /* Products */ = {
			isa = PBXGroup;
			children = (
				2B43B2451E8B592500703A11 /* StockHelper.app */,
			);
			name = Products;
			sourceTree = "<group>";
		};
		2B43B2471E8B592500703A11 /* StockHelper */ = {
			isa = PBXGroup;
			children = (
				2B43B2481E8B592500703A11 /* AppDelegate.swift */,
				2B837F591EBAA2E8001627D4 /* View */,
				2B837F5A1EBAA307001627D4 /* Cell/Nib */,
				2B837F5B1EBAA336001627D4 /* Model */,
				2B837F5C1EBAA359001627D4 /* Supporting File */,
			);
			path = StockHelper;
			sourceTree = "<group>";
		};
		2B837F591EBAA2E8001627D4 /* View */ = {
			isa = PBXGroup;
			children = (
				2B555F9B1E8EE31800FA9478 /* SearchViewController.swift */,
				2B43B25D1E8CA00B00703A11 /* DetailViewController.swift */,
				2BBFD9C61E94260C0098B5D7 /* WatchListViewController.swift */,
				2B43B24C1E8B592500703A11 /* Main.storyboard */,
				2B43B2541E8B592500703A11 /* LaunchScreen.storyboard */,
			);
			name = View;
			sourceTree = "<group>";
		};
		2B837F5A1EBAA307001627D4 /* Cell/Nib */ = {
			isa = PBXGroup;
			children = (
				2B555F9D1E8EEAD100FA9478 /* StockTableViewCell.swift */,
				2B555F9E1E8EEAD100FA9478 /* StockTableViewCell.xib */,
				2B837F5D1EBCFD46001627D4 /* StockWLCollectionViewCell.swift */,
				2B837F5E1EBCFD46001627D4 /* StockWLCollectionViewCell.xib */,
				2BBFD9CC1E9428300098B5D7 /* StockWLDataTableViewCell.swift */,
				2BBFD9CD1E9428300098B5D7 /* StockWLDataTableViewCell.xib */,
				2B43B2671E8CA3DA00703A11 /* StockDataCollectionViewCell.swift */,
				2B43B2681E8CA3DA00703A11 /* StockDataCollectionViewCell.xib */,
			);
			name = Cell/Nib;
			sourceTree = "<group>";
		};
		2B837F5B1EBAA336001627D4 /* Model */ = {
			isa = PBXGroup;
			children = (
				2B43B26D1E8D688400703A11 /* StockManager.swift */,
			);
			name = Model;
			sourceTree = "<group>";
		};
		2B837F5C1EBAA359001627D4 /* Supporting File */ = {
			isa = PBXGroup;
			children = (
				2B43B2521E8B592500703A11 /* Assets.xcassets */,
				2B43B2571E8B592500703A11 /* Info.plist */,
				2B837F551EB9059E001627D4 /* GoogleService-Info.plist */,
				2B43B24F1E8B592500703A11 /* StockHelper.xcdatamodeld */,
			);
			name = "Supporting File";
			sourceTree = "<group>";
		};
		72FA0219FD1D724C112A054C /* Pods */ = {
			isa = PBXGroup;
			children = (
				652D3BECF736316F93DC7D05 /* Pods-StockHelper.debug.xcconfig */,
				4147E58EDDA89830AC40C33A /* Pods-StockHelper.release.xcconfig */,
			);
			name = Pods;
			sourceTree = "<group>";
		};
		E2B14BA8B1719178751BE3AB /* Frameworks */ = {
			isa = PBXGroup;
			children = (
				67A3AFE1F6BEAF6B8014771E /* Pods_StockHelper.framework */,
			);
			name = Frameworks;
			sourceTree = "<group>";
		};
/* End PBXGroup section */

/* Begin PBXNativeTarget section */
		2B43B2441E8B592500703A11 /* StockHelper */ = {
			isa = PBXNativeTarget;
			buildConfigurationList = 2B43B25A1E8B592500703A11 /* Build configuration list for PBXNativeTarget "StockHelper" */;
			buildPhases = (
				FBB0B9EF88D36F485DE6BCE7 /* [CP] Check Pods Manifest.lock */,
				2B43B2411E8B592500703A11 /* Sources */,
				2B43B2421E8B592500703A11 /* Frameworks */,
				2B43B2431E8B592500703A11 /* Resources */,
				F625E773FD40D143BA68E0C3 /* [CP] Embed Pods Frameworks */,
				8F65FC316F859C76F3D1C70D /* [CP] Copy Pods Resources */,
			);
			buildRules = (
			);
			dependencies = (
			);
			name = StockHelper;
			productName = StockHelper;
			productReference = 2B43B2451E8B592500703A11 /* StockHelper.app */;
			productType = "com.apple.product-type.application";
		};
/* End PBXNativeTarget section */

/* Begin PBXProject section */
		2B43B23D1E8B592500703A11 /* Project object */ = {
			isa = PBXProject;
			attributes = {
				LastSwiftUpdateCheck = 0820;
				LastUpgradeCheck = 0830;
				ORGANIZATIONNAME = "Victor Hong";
				TargetAttributes = {
					2B43B2441E8B592500703A11 = {
						CreatedOnToolsVersion = 8.2.1;
						DevelopmentTeam = S7KV3J2AMW;
						ProvisioningStyle = Automatic;
					};
				};
			};
			buildConfigurationList = 2B43B2401E8B592500703A11 /* Build configuration list for PBXProject "StockHelper" */;
			compatibilityVersion = "Xcode 3.2";
			developmentRegion = English;
			hasScannedForEncodings = 0;
			knownRegions = (
				en,
				Base,
			);
			mainGroup = 2B43B23C1E8B592500703A11;
			productRefGroup = 2B43B2461E8B592500703A11 /* Products */;
			projectDirPath = "";
			projectRoot = "";
			targets = (
				2B43B2441E8B592500703A11 /* StockHelper */,
			);
		};
/* End PBXProject section */

/* Begin PBXResourcesBuildPhase section */
		2B43B2431E8B592500703A11 /* Resources */ = {
			isa = PBXResourcesBuildPhase;
			buildActionMask = 2147483647;
			files = (
				2B43B2561E8B592500703A11 /* LaunchScreen.storyboard in Resources */,
				2BBFD9CF1E9428300098B5D7 /* StockWLDataTableViewCell.xib in Resources */,
				2B43B26A1E8CA3DA00703A11 /* StockDataCollectionViewCell.xib in Resources */,
				2B555FA01E8EEAD100FA9478 /* StockTableViewCell.xib in Resources */,
				2B837F601EBCFD46001627D4 /* StockWLCollectionViewCell.xib in Resources */,
				2B43B2531E8B592500703A11 /* Assets.xcassets in Resources */,
				2B43B24E1E8B592500703A11 /* Main.storyboard in Resources */,
				2B837F561EB9059E001627D4 /* GoogleService-Info.plist in Resources */,
			);
			runOnlyForDeploymentPostprocessing = 0;
		};
/* End PBXResourcesBuildPhase section */

/* Begin PBXShellScriptBuildPhase section */
		8F65FC316F859C76F3D1C70D /* [CP] Copy Pods Resources */ = {
			isa = PBXShellScriptBuildPhase;
			buildActionMask = 2147483647;
			files = (
			);
			inputPaths = (
			);
			name = "[CP] Copy Pods Resources";
			outputPaths = (
			);
			runOnlyForDeploymentPostprocessing = 0;
			shellPath = /bin/sh;
			shellScript = "\"${SRCROOT}/Pods/Target Support Files/Pods-StockHelper/Pods-StockHelper-resources.sh\"\n";
			showEnvVarsInLog = 0;
		};
		F625E773FD40D143BA68E0C3 /* [CP] Embed Pods Frameworks */ = {
			isa = PBXShellScriptBuildPhase;
			buildActionMask = 2147483647;
			files = (
			);
			inputPaths = (
			);
			name = "[CP] Embed Pods Frameworks";
			outputPaths = (
			);
			runOnlyForDeploymentPostprocessing = 0;
			shellPath = /bin/sh;
			shellScript = "\"${SRCROOT}/Pods/Target Support Files/Pods-StockHelper/Pods-StockHelper-frameworks.sh\"\n";
			showEnvVarsInLog = 0;
		};
		FBB0B9EF88D36F485DE6BCE7 /* [CP] Check Pods Manifest.lock */ = {
			isa = PBXShellScriptBuildPhase;
			buildActionMask = 2147483647;
			files = (
			);
			inputPaths = (
			);
			name = "[CP] Check Pods Manifest.lock";
			outputPaths = (
			);
			runOnlyForDeploymentPostprocessing = 0;
			shellPath = /bin/sh;
			shellScript = "diff \"${PODS_ROOT}/../Podfile.lock\" \"${PODS_ROOT}/Manifest.lock\" > /dev/null\nif [ $? != 0 ] ; then\n    # print error to STDERR\n    echo \"error: The sandbox is not in sync with the Podfile.lock. Run 'pod install' or update your CocoaPods installation.\" >&2\n    exit 1\nfi\n";
			showEnvVarsInLog = 0;
		};
/* End PBXShellScriptBuildPhase section */

/* Begin PBXSourcesBuildPhase section */
		2B43B2411E8B592500703A11 /* Sources */ = {
			isa = PBXSourcesBuildPhase;
			buildActionMask = 2147483647;
			files = (
				2B555F9F1E8EEAD100FA9478 /* StockTableViewCell.swift in Sources */,
				2BBFD9CE1E9428300098B5D7 /* StockWLDataTableViewCell.swift in Sources */,
				2B555F9C1E8EE31800FA9478 /* SearchViewController.swift in Sources */,
				2BBFD9C71E94260C0098B5D7 /* WatchListViewController.swift in Sources */,
				2B43B2511E8B592500703A11 /* StockHelper.xcdatamodeld in Sources */,
				2B43B2491E8B592500703A11 /* AppDelegate.swift in Sources */,
				2B837F5F1EBCFD46001627D4 /* StockWLCollectionViewCell.swift in Sources */,
				2B43B26E1E8D688400703A11 /* StockManager.swift in Sources */,
				2B43B25E1E8CA00B00703A11 /* DetailViewController.swift in Sources */,
				2B43B2691E8CA3DA00703A11 /* StockDataCollectionViewCell.swift in Sources */,
			);
			runOnlyForDeploymentPostprocessing = 0;
		};
/* End PBXSourcesBuildPhase section */

/* Begin PBXVariantGroup section */
		2B43B24C1E8B592500703A11 /* Main.storyboard */ = {
			isa = PBXVariantGroup;
			children = (
				2B43B24D1E8B592500703A11 /* Base */,
			);
			name = Main.storyboard;
			sourceTree = "<group>";
		};
		2B43B2541E8B592500703A11 /* LaunchScreen.storyboard */ = {
			isa = PBXVariantGroup;
			children = (
				2B43B2551E8B592500703A11 /* Base */,
			);
			name = LaunchScreen.storyboard;
			sourceTree = "<group>";
		};
/* End PBXVariantGroup section */

/* Begin XCBuildConfiguration section */
		2B43B2581E8B592500703A11 /* Debug */ = {
			isa = XCBuildConfiguration;
			buildSettings = {
				ALWAYS_SEARCH_USER_PATHS = NO;
				CLANG_ANALYZER_NONNULL = YES;
				CLANG_CXX_LANGUAGE_STANDARD = "gnu++0x";
				CLANG_CXX_LIBRARY = "libc++";
				CLANG_ENABLE_MODULES = YES;
				CLANG_ENABLE_OBJC_ARC = YES;
				CLANG_WARN_BOOL_CONVERSION = YES;
				CLANG_WARN_CONSTANT_CONVERSION = YES;
				CLANG_WARN_DIRECT_OBJC_ISA_USAGE = YES_ERROR;
				CLANG_WARN_DOCUMENTATION_COMMENTS = YES;
				CLANG_WARN_EMPTY_BODY = YES;
				CLANG_WARN_ENUM_CONVERSION = YES;
				CLANG_WARN_INFINITE_RECURSION = YES;
				CLANG_WARN_INT_CONVERSION = YES;
				CLANG_WARN_OBJC_ROOT_CLASS = YES_ERROR;
				CLANG_WARN_SUSPICIOUS_MOVE = YES;
				CLANG_WARN_UNREACHABLE_CODE = YES;
				CLANG_WARN__DUPLICATE_METHOD_MATCH = YES;
				"CODE_SIGN_IDENTITY[sdk=iphoneos*]" = "iPhone Developer";
				COPY_PHASE_STRIP = NO;
				DEBUG_INFORMATION_FORMAT = dwarf;
				ENABLE_STRICT_OBJC_MSGSEND = YES;
				ENABLE_TESTABILITY = YES;
				GCC_C_LANGUAGE_STANDARD = gnu99;
				GCC_DYNAMIC_NO_PIC = NO;
				GCC_NO_COMMON_BLOCKS = YES;
				GCC_OPTIMIZATION_LEVEL = 0;
				GCC_PREPROCESSOR_DEFINITIONS = (
					"DEBUG=1",
					"$(inherited)",
				);
				GCC_WARN_64_TO_32_BIT_CONVERSION = YES;
				GCC_WARN_ABOUT_RETURN_TYPE = YES_ERROR;
				GCC_WARN_UNDECLARED_SELECTOR = YES;
				GCC_WARN_UNINITIALIZED_AUTOS = YES_AGGRESSIVE;
				GCC_WARN_UNUSED_FUNCTION = YES;
				GCC_WARN_UNUSED_VARIABLE = YES;
				IPHONEOS_DEPLOYMENT_TARGET = 10.1;
				MTL_ENABLE_DEBUG_INFO = YES;
				ONLY_ACTIVE_ARCH = YES;
				SDKROOT = iphoneos;
				SWIFT_ACTIVE_COMPILATION_CONDITIONS = DEBUG;
				SWIFT_OPTIMIZATION_LEVEL = "-Onone";
				TARGETED_DEVICE_FAMILY = "1,2";
			};
			name = Debug;
		};
		2B43B2591E8B592500703A11 /* Release */ = {
			isa = XCBuildConfiguration;
			buildSettings = {
				ALWAYS_SEARCH_USER_PATHS = NO;
				CLANG_ANALYZER_NONNULL = YES;
				CLANG_CXX_LANGUAGE_STANDARD = "gnu++0x";
				CLANG_CXX_LIBRARY = "libc++";
				CLANG_ENABLE_MODULES = YES;
				CLANG_ENABLE_OBJC_ARC = YES;
				CLANG_WARN_BOOL_CONVERSION = YES;
				CLANG_WARN_CONSTANT_CONVERSION = YES;
				CLANG_WARN_DIRECT_OBJC_ISA_USAGE = YES_ERROR;
				CLANG_WARN_DOCUMENTATION_COMMENTS = YES;
				CLANG_WARN_EMPTY_BODY = YES;
				CLANG_WARN_ENUM_CONVERSION = YES;
				CLANG_WARN_INFINITE_RECURSION = YES;
				CLANG_WARN_INT_CONVERSION = YES;
				CLANG_WARN_OBJC_ROOT_CLASS = YES_ERROR;
				CLANG_WARN_SUSPICIOUS_MOVE = YES;
				CLANG_WARN_UNREACHABLE_CODE = YES;
				CLANG_WARN__DUPLICATE_METHOD_MATCH = YES;
				"CODE_SIGN_IDENTITY[sdk=iphoneos*]" = "iPhone Developer";
				COPY_PHASE_STRIP = NO;
				DEBUG_INFORMATION_FORMAT = "dwarf-with-dsym";
				ENABLE_NS_ASSERTIONS = NO;
				ENABLE_STRICT_OBJC_MSGSEND = YES;
				GCC_C_LANGUAGE_STANDARD = gnu99;
				GCC_NO_COMMON_BLOCKS = YES;
				GCC_WARN_64_TO_32_BIT_CONVERSION = YES;
				GCC_WARN_ABOUT_RETURN_TYPE = YES_ERROR;
				GCC_WARN_UNDECLARED_SELECTOR = YES;
				GCC_WARN_UNINITIALIZED_AUTOS = YES_AGGRESSIVE;
				GCC_WARN_UNUSED_FUNCTION = YES;
				GCC_WARN_UNUSED_VARIABLE = YES;
				IPHONEOS_DEPLOYMENT_TARGET = 10.1;
				MTL_ENABLE_DEBUG_INFO = NO;
				SDKROOT = iphoneos;
				SWIFT_OPTIMIZATION_LEVEL = "-Owholemodule";
				TARGETED_DEVICE_FAMILY = "1,2";
				VALIDATE_PRODUCT = YES;
			};
			name = Release;
		};
		2B43B25B1E8B592500703A11 /* Debug */ = {
			isa = XCBuildConfiguration;
			baseConfigurationReference = 652D3BECF736316F93DC7D05 /* Pods-StockHelper.debug.xcconfig */;
			buildSettings = {
				ALWAYS_EMBED_SWIFT_STANDARD_LIBRARIES = "$(inherited)";
				ASSETCATALOG_COMPILER_APPICON_NAME = AppIcon;
				DEVELOPMENT_TEAM = S7KV3J2AMW;
				INFOPLIST_FILE = StockHelper/Info.plist;
				IPHONEOS_DEPLOYMENT_TARGET = 10.1;
				LD_RUNPATH_SEARCH_PATHS = "$(inherited) @executable_path/Frameworks";
				PRODUCT_BUNDLE_IDENTIFIER = com.victorhong.StockHelper;
				PRODUCT_NAME = "$(TARGET_NAME)";
				SWIFT_VERSION = 3.0;
			};
			name = Debug;
		};
		2B43B25C1E8B592500703A11 /* Release */ = {
			isa = XCBuildConfiguration;
			baseConfigurationReference = 4147E58EDDA89830AC40C33A /* Pods-StockHelper.release.xcconfig */;
			buildSettings = {
				ALWAYS_EMBED_SWIFT_STANDARD_LIBRARIES = "$(inherited)";
				ASSETCATALOG_COMPILER_APPICON_NAME = AppIcon;
				DEVELOPMENT_TEAM = S7KV3J2AMW;
				INFOPLIST_FILE = StockHelper/Info.plist;
				IPHONEOS_DEPLOYMENT_TARGET = 10.1;
				LD_RUNPATH_SEARCH_PATHS = "$(inherited) @executable_path/Frameworks";
				PRODUCT_BUNDLE_IDENTIFIER = com.victorhong.StockHelper;
				PRODUCT_NAME = "$(TARGET_NAME)";
				SWIFT_VERSION = 3.0;
			};
			name = Release;
		};
/* End XCBuildConfiguration section */

/* Begin XCConfigurationList section */
		2B43B2401E8B592500703A11 /* Build configuration list for PBXProject "StockHelper" */ = {
			isa = XCConfigurationList;
			buildConfigurations = (
				2B43B2581E8B592500703A11 /* Debug */,
				2B43B2591E8B592500703A11 /* Release */,
			);
			defaultConfigurationIsVisible = 0;
			defaultConfigurationName = Release;
		};
		2B43B25A1E8B592500703A11 /* Build configuration list for PBXNativeTarget "StockHelper" */ = {
			isa = XCConfigurationList;
			buildConfigurations = (
				2B43B25B1E8B592500703A11 /* Debug */,
				2B43B25C1E8B592500703A11 /* Release */,
			);
			defaultConfigurationIsVisible = 0;
			defaultConfigurationName = Release;
		};
/* End XCConfigurationList section */

/* Begin XCVersionGroup section */
		2B43B24F1E8B592500703A11 /* StockHelper.xcdatamodeld */ = {
			isa = XCVersionGroup;
			children = (
				2B43B2501E8B592500703A11 /* StockHelper.xcdatamodel */,
			);
			currentVersion = 2B43B2501E8B592500703A11 /* StockHelper.xcdatamodel */;
			path = StockHelper.xcdatamodeld;
			sourceTree = "<group>";
			versionGroupType = wrapper.xcdatamodel;
		};
/* End XCVersionGroup section */
	};
	rootObject = 2B43B23D1E8B592500703A11 /* Project object */;
}
